
Microsoft Visual Studio Solution File, Format Version 11.00
# Visual Studio 2010
Project("{FAE04EC0-301F-11D3-BF4B-00C04F79EFBC}") = "CandySmith.BlockPuzzle.Main", "CandySmith.BlockPuzzle.Main.csproj", "{2a2343a6-f48e-e99a-0623-742daddca930}"
EndProject
Project("{FAE04EC0-301F-11D3-BF4B-00C04F79EFBC}") = "Assembly-CSharp", "Assembly-CSharp.csproj", "{7f6d6b90-8374-d4d3-3f92-1f27d360ec1f}"
EndProject
Project("{FAE04EC0-301F-11D3-BF4B-00C04F79EFBC}") = "CandySmith.BlockPuzzle.LevelEditor", "CandySmith.BlockPuzzle.LevelEditor.csproj", "{4bc3d3b6-e110-7ab1-02d4-5c0b285f1514}"
EndProject
Project("{FAE04EC0-301F-11D3-BF4B-00C04F79EFBC}") = "Assembly-CSharp-Editor", "Assembly-CSharp-Editor.csproj", "{342d76ba-8151-1aca-361e-030cf92b0b50}"
EndProject
Project("{FAE04EC0-301F-11D3-BF4B-00C04F79EFBC}") = "ImageCreatorEditor", "ImageCreatorEditor.csproj", "{3a177a39-ffbb-6ea4-25a7-e4a5efbbafa8}"
EndProject
Global
	GlobalSection(SolutionConfigurationPlatforms) = preSolution
		Debug|Any CPU = Debug|Any CPU
	EndGlobalSection
	GlobalSection(ProjectConfigurationPlatforms) = postSolution
		{2a2343a6-f48e-e99a-0623-742daddca930}.Debug|Any CPU.ActiveCfg = Debug|Any CPU
		{2a2343a6-f48e-e99a-0623-742daddca930}.Debug|Any CPU.Build.0 = Debug|Any CPU
		{7f6d6b90-8374-d4d3-3f92-1f27d360ec1f}.Debug|Any CPU.ActiveCfg = Debug|Any CPU
		{7f6d6b90-8374-d4d3-3f92-1f27d360ec1f}.Debug|Any CPU.Build.0 = Debug|Any CPU
		{4bc3d3b6-e110-7ab1-02d4-5c0b285f1514}.Debug|Any CPU.ActiveCfg = Debug|Any CPU
		{4bc3d3b6-e110-7ab1-02d4-5c0b285f1514}.Debug|Any CPU.Build.0 = Debug|Any CPU
		{342d76ba-8151-1aca-361e-030cf92b0b50}.Debug|Any CPU.ActiveCfg = Debug|Any CPU
		{342d76ba-8151-1aca-361e-030cf92b0b50}.Debug|Any CPU.Build.0 = Debug|Any CPU
		{3a177a39-ffbb-6ea4-25a7-e4a5efbbafa8}.Debug|Any CPU.ActiveCfg = Debug|Any CPU
		{3a177a39-ffbb-6ea4-25a7-e4a5efbbafa8}.Debug|Any CPU.Build.0 = Debug|Any CPU
	EndGlobalSection
	GlobalSection(SolutionProperties) = preSolution
		HideSolutionNode = FALSE
	EndGlobalSection
EndGlobal
